
Microsoft Visual Studio Solution File, Format Version 11.00
# Visual Studio 2010
Project("{8BC9CEB8-8B4A-11D0-8D11-00A0C91BC942}") = "ESCA", "ESCA.vcxproj", "{73C11932-9B07-4C09-919A-B1E1F49767C6}"
EndProject
Project("{2150E333-8FDC-42A3-9474-1A3956D46DE8}") = "Solution Items", "Solution Items", "{64653A50-96D4-4CC9-AFA8-14DCF3D66F3E}"
	ProjectSection(SolutionItems) = preProject
		ESCA.vsmdi = ESCA.vsmdi
		Local.testsettings = Local.testsettings
		TraceAndTestImpact.testsettings = TraceAndTestImpact.testsettings
	EndProjectSection
EndProject
Global
	GlobalSection(TestCaseManagementSettings) = postSolution
		CategoryFile = ESCA.vsmdi
	EndGlobalSection
	GlobalSection(SolutionConfigurationPlatforms) = preSolution
		Debug|Win32 = Debug|Win32
		Release|Win32 = Release|Win32
	EndGlobalSection
	GlobalSection(ProjectConfigurationPlatforms) = postSolution
		{73C11932-9B07-4C09-919A-B1E1F49767C6}.Debug|Win32.ActiveCfg = Debug|Win32
		{73C11932-9B07-4C09-919A-B1E1F49767C6}.Debug|Win32.Build.0 = Debug|Win32
		{73C11932-9B07-4C09-919A-B1E1F49767C6}.Release|Win32.ActiveCfg = Release|Win32
		{73C11932-9B07-4C09-919A-B1E1F49767C6}.Release|Win32.Build.0 = Release|Win32
	EndGlobalSection
	GlobalSection(SolutionProperties) = preSolution
		HideSolutionNode = FALSE
	EndGlobalSection
EndGlobal
