
Microsoft Visual Studio Solution File, Format Version 12.00
# Visual Studio 14
VisualStudioVersion = 14.0.25420.1
MinimumVisualStudioVersion = 10.0.40219.1
Project("{8BC9CEB8-8B4A-11D0-8D11-00A0C91BC942}") = "Thesis", "Thesis.vcxproj", "{0852CD76-592E-46C5-8EE0-B48E766C292F}"
EndProject
Project("{8BC9CEB8-8B4A-11D0-8D11-00A0C91BC942}") = "testsWithLeaks", "..\..\tests\leak\testsWithLeaks\testsWithLeaks.vcxproj", "{37C1F28A-1280-43B4-B869-8F2330963DB8}"
EndProject
Project("{8BC9CEB8-8B4A-11D0-8D11-00A0C91BC942}") = "testWithoutLeaks", "..\..\tests\noLeak\testWithoutLeaks\testWithoutLeaks.vcxproj", "{F95F1C89-06FF-4627-8775-EC36337B0B8A}"
EndProject
Project("{8BC9CEB8-8B4A-11D0-8D11-00A0C91BC942}") = "leak2", "..\..\tests\leak2\leak2\leak2.vcxproj", "{72B11D52-1F7B-4EDE-835F-70043AD599BD}"
EndProject
Project("{8BC9CEB8-8B4A-11D0-8D11-00A0C91BC942}") = "RTLLIB_swift", "..\..\tests\test\RTKLIB_swift\src\RTLLIB_swift\RTLLIB_swift\RTLLIB_swift.vcxproj", "{B5FF5E74-8D03-4D34-A619-3C9E6008E5C1}"
EndProject
Project("{8BC9CEB8-8B4A-11D0-8D11-00A0C91BC942}") = "ItsFx3", "..\..\tests\test\ItsFx3\ItsFx3.vcxproj", "{3D723482-1020-4CE2-A61B-7C674D31B995}"
EndProject
Project("{8BC9CEB8-8B4A-11D0-8D11-00A0C91BC942}") = "gnss-sdr", "..\..\tests\test\gnss-sdr\gnss-sdr.vcxproj", "{F71585BB-116F-4B55-B930-77B094E8DAA3}"
EndProject
Project("{8BC9CEB8-8B4A-11D0-8D11-00A0C91BC942}") = "Quake", "..\..\tests\test\Quake\Quake.vcxproj", "{D4321505-7C62-43AB-88D2-EC4FDF1462F9}"
EndProject
Global
	GlobalSection(SolutionConfigurationPlatforms) = preSolution
		Debug|x64 = Debug|x64
		Debug|x86 = Debug|x86
		Release|x64 = Release|x64
		Release|x86 = Release|x86
	EndGlobalSection
	GlobalSection(ProjectConfigurationPlatforms) = postSolution
		{0852CD76-592E-46C5-8EE0-B48E766C292F}.Debug|x64.ActiveCfg = Debug|x64
		{0852CD76-592E-46C5-8EE0-B48E766C292F}.Debug|x64.Build.0 = Debug|x64
		{0852CD76-592E-46C5-8EE0-B48E766C292F}.Debug|x86.ActiveCfg = Debug|Win32
		{0852CD76-592E-46C5-8EE0-B48E766C292F}.Debug|x86.Build.0 = Debug|Win32
		{0852CD76-592E-46C5-8EE0-B48E766C292F}.Release|x64.ActiveCfg = Release|x64
		{0852CD76-592E-46C5-8EE0-B48E766C292F}.Release|x64.Build.0 = Release|x64
		{0852CD76-592E-46C5-8EE0-B48E766C292F}.Release|x86.ActiveCfg = Release|Win32
		{0852CD76-592E-46C5-8EE0-B48E766C292F}.Release|x86.Build.0 = Release|Win32
		{37C1F28A-1280-43B4-B869-8F2330963DB8}.Debug|x64.ActiveCfg = Debug|x64
		{37C1F28A-1280-43B4-B869-8F2330963DB8}.Debug|x64.Build.0 = Debug|x64
		{37C1F28A-1280-43B4-B869-8F2330963DB8}.Debug|x86.ActiveCfg = Debug|Win32
		{37C1F28A-1280-43B4-B869-8F2330963DB8}.Debug|x86.Build.0 = Debug|Win32
		{37C1F28A-1280-43B4-B869-8F2330963DB8}.Release|x64.ActiveCfg = Release|x64
		{37C1F28A-1280-43B4-B869-8F2330963DB8}.Release|x64.Build.0 = Release|x64
		{37C1F28A-1280-43B4-B869-8F2330963DB8}.Release|x86.ActiveCfg = Release|Win32
		{37C1F28A-1280-43B4-B869-8F2330963DB8}.Release|x86.Build.0 = Release|Win32
		{F95F1C89-06FF-4627-8775-EC36337B0B8A}.Debug|x64.ActiveCfg = Debug|x64
		{F95F1C89-06FF-4627-8775-EC36337B0B8A}.Debug|x64.Build.0 = Debug|x64
		{F95F1C89-06FF-4627-8775-EC36337B0B8A}.Debug|x86.ActiveCfg = Debug|Win32
		{F95F1C89-06FF-4627-8775-EC36337B0B8A}.Debug|x86.Build.0 = Debug|Win32
		{F95F1C89-06FF-4627-8775-EC36337B0B8A}.Release|x64.ActiveCfg = Release|x64
		{F95F1C89-06FF-4627-8775-EC36337B0B8A}.Release|x64.Build.0 = Release|x64
		{F95F1C89-06FF-4627-8775-EC36337B0B8A}.Release|x86.ActiveCfg = Release|Win32
		{F95F1C89-06FF-4627-8775-EC36337B0B8A}.Release|x86.Build.0 = Release|Win32
		{72B11D52-1F7B-4EDE-835F-70043AD599BD}.Debug|x64.ActiveCfg = Debug|x64
		{72B11D52-1F7B-4EDE-835F-70043AD599BD}.Debug|x64.Build.0 = Debug|x64
		{72B11D52-1F7B-4EDE-835F-70043AD599BD}.Debug|x86.ActiveCfg = Debug|Win32
		{72B11D52-1F7B-4EDE-835F-70043AD599BD}.Debug|x86.Build.0 = Debug|Win32
		{72B11D52-1F7B-4EDE-835F-70043AD599BD}.Release|x64.ActiveCfg = Release|x64
		{72B11D52-1F7B-4EDE-835F-70043AD599BD}.Release|x64.Build.0 = Release|x64
		{72B11D52-1F7B-4EDE-835F-70043AD599BD}.Release|x86.ActiveCfg = Release|Win32
		{72B11D52-1F7B-4EDE-835F-70043AD599BD}.Release|x86.Build.0 = Release|Win32
		{B5FF5E74-8D03-4D34-A619-3C9E6008E5C1}.Debug|x64.ActiveCfg = Debug|x64
		{B5FF5E74-8D03-4D34-A619-3C9E6008E5C1}.Debug|x64.Build.0 = Debug|x64
		{B5FF5E74-8D03-4D34-A619-3C9E6008E5C1}.Debug|x86.ActiveCfg = Debug|Win32
		{B5FF5E74-8D03-4D34-A619-3C9E6008E5C1}.Debug|x86.Build.0 = Debug|Win32
		{B5FF5E74-8D03-4D34-A619-3C9E6008E5C1}.Release|x64.ActiveCfg = Release|x64
		{B5FF5E74-8D03-4D34-A619-3C9E6008E5C1}.Release|x64.Build.0 = Release|x64
		{B5FF5E74-8D03-4D34-A619-3C9E6008E5C1}.Release|x86.ActiveCfg = Release|Win32
		{B5FF5E74-8D03-4D34-A619-3C9E6008E5C1}.Release|x86.Build.0 = Release|Win32
		{3D723482-1020-4CE2-A61B-7C674D31B995}.Debug|x64.ActiveCfg = Debug|x64
		{3D723482-1020-4CE2-A61B-7C674D31B995}.Debug|x64.Build.0 = Debug|x64
		{3D723482-1020-4CE2-A61B-7C674D31B995}.Debug|x86.ActiveCfg = Debug|Win32
		{3D723482-1020-4CE2-A61B-7C674D31B995}.Debug|x86.Build.0 = Debug|Win32
		{3D723482-1020-4CE2-A61B-7C674D31B995}.Release|x64.ActiveCfg = Release|x64
		{3D723482-1020-4CE2-A61B-7C674D31B995}.Release|x64.Build.0 = Release|x64
		{3D723482-1020-4CE2-A61B-7C674D31B995}.Release|x86.ActiveCfg = Release|Win32
		{3D723482-1020-4CE2-A61B-7C674D31B995}.Release|x86.Build.0 = Release|Win32
		{F71585BB-116F-4B55-B930-77B094E8DAA3}.Debug|x64.ActiveCfg = Debug|x64
		{F71585BB-116F-4B55-B930-77B094E8DAA3}.Debug|x64.Build.0 = Debug|x64
		{F71585BB-116F-4B55-B930-77B094E8DAA3}.Debug|x86.ActiveCfg = Debug|Win32
		{F71585BB-116F-4B55-B930-77B094E8DAA3}.Debug|x86.Build.0 = Debug|Win32
		{F71585BB-116F-4B55-B930-77B094E8DAA3}.Release|x64.ActiveCfg = Release|x64
		{F71585BB-116F-4B55-B930-77B094E8DAA3}.Release|x64.Build.0 = Release|x64
		{F71585BB-116F-4B55-B930-77B094E8DAA3}.Release|x86.ActiveCfg = Release|Win32
		{F71585BB-116F-4B55-B930-77B094E8DAA3}.Release|x86.Build.0 = Release|Win32
		{D4321505-7C62-43AB-88D2-EC4FDF1462F9}.Debug|x64.ActiveCfg = Debug|x64
		{D4321505-7C62-43AB-88D2-EC4FDF1462F9}.Debug|x64.Build.0 = Debug|x64
		{D4321505-7C62-43AB-88D2-EC4FDF1462F9}.Debug|x86.ActiveCfg = Debug|Win32
		{D4321505-7C62-43AB-88D2-EC4FDF1462F9}.Debug|x86.Build.0 = Debug|Win32
		{D4321505-7C62-43AB-88D2-EC4FDF1462F9}.Release|x64.ActiveCfg = Release|x64
		{D4321505-7C62-43AB-88D2-EC4FDF1462F9}.Release|x64.Build.0 = Release|x64
		{D4321505-7C62-43AB-88D2-EC4FDF1462F9}.Release|x86.ActiveCfg = Release|Win32
		{D4321505-7C62-43AB-88D2-EC4FDF1462F9}.Release|x86.Build.0 = Release|Win32
	EndGlobalSection
	GlobalSection(SolutionProperties) = preSolution
		HideSolutionNode = FALSE
	EndGlobalSection
	GlobalSection(NestedProjects) = preSolution
		{B5FF5E74-8D03-4D34-A619-3C9E6008E5C1} = {C211AB0B-30A0-489E-9145-C3792F1CC030}
		{3D723482-1020-4CE2-A61B-7C674D31B995} = {C211AB0B-30A0-489E-9145-C3792F1CC030}
		{F71585BB-116F-4B55-B930-77B094E8DAA3} = {C211AB0B-30A0-489E-9145-C3792F1CC030}
	EndGlobalSection
EndGlobal
