<?xml version="1.0" encoding="utf-8"?>
<Project ToolsVersion="4.0" xmlns="http://schemas.microsoft.com/developer/msbuild/2003">
  <ItemGroup>
    <Filter Include="Source Files">
      <UniqueIdentifier>{4FC737F1-C7A5-4376-A066-2A32D752A2FF}</UniqueIdentifier>
      <Extensions>cpp;c;cc;cxx;def;odl;idl;hpj;bat;asm;asmx</Extensions>
    </Filter>
    <Filter Include="Header Files">
      <UniqueIdentifier>{93995380-89BD-4b04-88EB-625FBE52EBFB}</UniqueIdentifier>
      <Extensions>h;hh;hpp;hxx;hm;inl;inc;xsd</Extensions>
    </Filter>
    <Filter Include="Resource Files">
      <UniqueIdentifier>{67DA6AB6-F800-4c08-8B7A-83BB121AAD01}</UniqueIdentifier>
      <Extensions>rc;ico;cur;bmp;dlg;rc2;rct;bin;rgs;gif;jpg;jpeg;jpe;resx;tiff;tif;png;wav;mfcribbon-ms</Extensions>
    </Filter>
    <Filter Include="Header Files\module">
      <UniqueIdentifier>{abeb7416-ee04-48e5-b64a-11ff138ba1a4}</UniqueIdentifier>
    </Filter>
  </ItemGroup>
  <ItemGroup>
    <ClCompile Include="ASTWalker.cpp">
      <Filter>Source Files</Filter>
    </ClCompile>
    <ClCompile Include="BinarySMT.cpp">
      <Filter>Source Files</Filter>
    </ClCompile>
    <ClCompile Include="DefectStorage.cpp">
      <Filter>Source Files</Filter>
    </ClCompile>
    <ClCompile Include="ESCAASTConsumer.cpp">
      <Filter>Source Files</Filter>
    </ClCompile>
    <ClCompile Include="ESCAASTVisitor.cpp">
      <Filter>Source Files</Filter>
    </ClCompile>
    <ClCompile Include="ExecSolver.cpp">
      <Filter>Source Files</Filter>
    </ClCompile>
    <ClCompile Include="FSM.cpp">
      <Filter>Source Files</Filter>
    </ClCompile>
    <ClCompile Include="main.cpp">
      <Filter>Source Files</Filter>
    </ClCompile>
    <ClCompile Include="PathStorage.cpp">
      <Filter>Source Files</Filter>
    </ClCompile>
    <ClCompile Include="StateFSM.cpp">
      <Filter>Source Files</Filter>
    </ClCompile>
    <ClCompile Include="TransitionFSM.cpp">
      <Filter>Source Files</Filter>
    </ClCompile>
    <ClCompile Include="Variable.cpp">
      <Filter>Source Files</Filter>
    </ClCompile>
    <ClCompile Include="VariableSMT.cpp">
      <Filter>Source Files</Filter>
    </ClCompile>
    <ClCompile Include="VersionedVariable.cpp">
      <Filter>Source Files</Filter>
    </ClCompile>
    <ClCompile Include="Sort.cpp">
      <Filter>Source Files</Filter>
    </ClCompile>
  </ItemGroup>
  <ItemGroup>
    <ClInclude Include="ASTWalker.h">
      <Filter>Header Files</Filter>
    </ClInclude>
    <ClInclude Include="BinarySMT.h">
      <Filter>Header Files</Filter>
    </ClInclude>
    <ClInclude Include="DefectStorage.h">
      <Filter>Header Files</Filter>
    </ClInclude>
    <ClInclude Include="ESCAASTConsumer.h">
      <Filter>Header Files</Filter>
    </ClInclude>
    <ClInclude Include="ESCAASTVisitor.h">
      <Filter>Header Files</Filter>
    </ClInclude>
    <ClInclude Include="ExecSolver.h">
      <Filter>Header Files</Filter>
    </ClInclude>
    <ClInclude Include="FormulaSMT.h">
      <Filter>Header Files</Filter>
    </ClInclude>
    <ClInclude Include="FSM.h">
      <Filter>Header Files</Filter>
    </ClInclude>
    <ClInclude Include="LeafPredicate.h">
      <Filter>Header Files</Filter>
    </ClInclude>
    <ClInclude Include="PathStorage.h">
      <Filter>Header Files</Filter>
    </ClInclude>
    <ClInclude Include="PtrCounter.h">
      <Filter>Header Files</Filter>
    </ClInclude>
    <ClInclude Include="SMTSet.h">
      <Filter>Header Files</Filter>
    </ClInclude>
    <ClInclude Include="StateFSM.h">
      <Filter>Header Files</Filter>
    </ClInclude>
    <ClInclude Include="TransitionFSM.h">
      <Filter>Header Files</Filter>
    </ClInclude>
    <ClInclude Include="TypesFSM.h">
      <Filter>Header Files</Filter>
    </ClInclude>
    <ClInclude Include="Variable.h">
      <Filter>Header Files</Filter>
    </ClInclude>
    <ClInclude Include="VariableSMT.h">
      <Filter>Header Files</Filter>
    </ClInclude>
    <ClInclude Include="VersionedVariable.h">
      <Filter>Header Files</Filter>
    </ClInclude>
    <ClInclude Include="Sort.h">
      <Filter>Header Files</Filter>
    </ClInclude>
    <ClInclude Include="file.h">
      <Filter>Header Files\module</Filter>
    </ClInclude>
    <ClInclude Include="Output.h">
      <Filter>Header Files</Filter>
    </ClInclude>
  </ItemGroup>
</Project>